
Microsoft Visual Studio Solution File, Format Version 12.00
# Visual Studio Version 16
VisualStudioVersion = 16.0.31313.79
MinimumVisualStudioVersion = 10.0.40219.1
Project("{2150E333-8FDC-42A3-9474-1A3956D46DE8}") = "Chapter02", "Chapter02", "{FFF4AE6A-A160-4057-BE57-0C20DA517E3A}"
EndProject
Project("{FAE04EC0-301F-11D3-BF4B-00C04F79EFBC}") = "DistanceConverter", "DistanceConverter\DistanceConverter.csproj", "{4D60E9EB-EE69-43E4-9C41-E180950B7618}"
EndProject
Project("{FAE04EC0-301F-11D3-BF4B-00C04F79EFBC}") = "SalesCalculator", "SalesCalculator\SalesCalculator.csproj", "{2B609927-AB93-4CB9-9A27-9B989D3CF7E7}"
EndProject
Project("{FAE04EC0-301F-11D3-BF4B-00C04F79EFBC}") = "Exercise1", "Exercise1\Exercise1.csproj", "{78A4A0B9-E5AA-46B5-B4A1-AFAA590F316C}"
EndProject
Project("{2150E333-8FDC-42A3-9474-1A3956D46DE8}") = "Exercise", "Exercise", "{1CAA5502-A835-42DF-8D34-2456C0BC1E8D}"
EndProject
Project("{FAE04EC0-301F-11D3-BF4B-00C04F79EFBC}") = "Exercise2", "Exercise2\Exercise2.csproj", "{A4C80F50-4A63-4D22-BDE7-0577738E775C}"
EndProject
Project("{FAE04EC0-301F-11D3-BF4B-00C04F79EFBC}") = "Exercise3", "Exercise3\Exercise3.csproj", "{C95FB323-78BA-4003-A0A6-8ABFE021EF91}"
EndProject
Global
	GlobalSection(SolutionConfigurationPlatforms) = preSolution
		Debug|Any CPU = Debug|Any CPU
		Release|Any CPU = Release|Any CPU
	EndGlobalSection
	GlobalSection(ProjectConfigurationPlatforms) = postSolution
		{4D60E9EB-EE69-43E4-9C41-E180950B7618}.Debug|Any CPU.ActiveCfg = Debug|Any CPU
		{4D60E9EB-EE69-43E4-9C41-E180950B7618}.Debug|Any CPU.Build.0 = Debug|Any CPU
		{4D60E9EB-EE69-43E4-9C41-E180950B7618}.Release|Any CPU.ActiveCfg = Release|Any CPU
		{4D60E9EB-EE69-43E4-9C41-E180950B7618}.Release|Any CPU.Build.0 = Release|Any CPU
		{2B609927-AB93-4CB9-9A27-9B989D3CF7E7}.Debug|Any CPU.ActiveCfg = Debug|Any CPU
		{2B609927-AB93-4CB9-9A27-9B989D3CF7E7}.Debug|Any CPU.Build.0 = Debug|Any CPU
		{2B609927-AB93-4CB9-9A27-9B989D3CF7E7}.Release|Any CPU.ActiveCfg = Release|Any CPU
		{2B609927-AB93-4CB9-9A27-9B989D3CF7E7}.Release|Any CPU.Build.0 = Release|Any CPU
		{78A4A0B9-E5AA-46B5-B4A1-AFAA590F316C}.Debug|Any CPU.ActiveCfg = Debug|Any CPU
		{78A4A0B9-E5AA-46B5-B4A1-AFAA590F316C}.Debug|Any CPU.Build.0 = Debug|Any CPU
		{78A4A0B9-E5AA-46B5-B4A1-AFAA590F316C}.Release|Any CPU.ActiveCfg = Release|Any CPU
		{78A4A0B9-E5AA-46B5-B4A1-AFAA590F316C}.Release|Any CPU.Build.0 = Release|Any CPU
		{A4C80F50-4A63-4D22-BDE7-0577738E775C}.Debug|Any CPU.ActiveCfg = Debug|Any CPU
		{A4C80F50-4A63-4D22-BDE7-0577738E775C}.Debug|Any CPU.Build.0 = Debug|Any CPU
		{A4C80F50-4A63-4D22-BDE7-0577738E775C}.Release|Any CPU.ActiveCfg = Release|Any CPU
		{A4C80F50-4A63-4D22-BDE7-0577738E775C}.Release|Any CPU.Build.0 = Release|Any CPU
		{C95FB323-78BA-4003-A0A6-8ABFE021EF91}.Debug|Any CPU.ActiveCfg = Debug|Any CPU
		{C95FB323-78BA-4003-A0A6-8ABFE021EF91}.Debug|Any CPU.Build.0 = Debug|Any CPU
		{C95FB323-78BA-4003-A0A6-8ABFE021EF91}.Release|Any CPU.ActiveCfg = Release|Any CPU
		{C95FB323-78BA-4003-A0A6-8ABFE021EF91}.Release|Any CPU.Build.0 = Release|Any CPU
	EndGlobalSection
	GlobalSection(SolutionProperties) = preSolution
		HideSolutionNode = FALSE
	EndGlobalSection
	GlobalSection(NestedProjects) = preSolution
		{4D60E9EB-EE69-43E4-9C41-E180950B7618} = {FFF4AE6A-A160-4057-BE57-0C20DA517E3A}
		{2B609927-AB93-4CB9-9A27-9B989D3CF7E7} = {FFF4AE6A-A160-4057-BE57-0C20DA517E3A}
		{78A4A0B9-E5AA-46B5-B4A1-AFAA590F316C} = {1CAA5502-A835-42DF-8D34-2456C0BC1E8D}
		{1CAA5502-A835-42DF-8D34-2456C0BC1E8D} = {FFF4AE6A-A160-4057-BE57-0C20DA517E3A}
		{A4C80F50-4A63-4D22-BDE7-0577738E775C} = {1CAA5502-A835-42DF-8D34-2456C0BC1E8D}
		{C95FB323-78BA-4003-A0A6-8ABFE021EF91} = {1CAA5502-A835-42DF-8D34-2456C0BC1E8D}
	EndGlobalSection
	GlobalSection(ExtensibilityGlobals) = postSolution
		SolutionGuid = {B107EBBB-16D0-42ED-BBE7-9FF0BAA5ECEC}
	EndGlobalSection
EndGlobal
