
Microsoft Visual Studio Solution File, Format Version 12.00
# Visual Studio Version 16
VisualStudioVersion = 16.0.31313.79
MinimumVisualStudioVersion = 10.0.40219.1
Project("{2150E333-8FDC-42A3-9474-1A3956D46DE8}") = "Chapter02", "Chapter02", "{FFF4AE6A-A160-4057-BE57-0C20DA517E3A}"
EndProject
Project("{FAE04EC0-301F-11D3-BF4B-00C04F79EFBC}") = "DistanceConverter", "DistanceConverter\DistanceConverter.csproj", "{4D60E9EB-EE69-43E4-9C41-E180950B7618}"
EndProject
Project("{FAE04EC0-301F-11D3-BF4B-00C04F79EFBC}") = "SalesCalculator", "SalesCalculator\SalesCalculator.csproj", "{2B609927-AB93-4CB9-9A27-9B989D3CF7E7}"
EndProject
Project("{FAE04EC0-301F-11D3-BF4B-00C04F79EFBC}") = "Exercise1", "Exercise1\Exercise1.csproj", "{78A4A0B9-E5AA-46B5-B4A1-AFAA590F316C}"
EndProject
Project("{2150E333-8FDC-42A3-9474-1A3956D46DE8}") = "Exercise", "Exercise", "{1CAA5502-A835-42DF-8D34-2456C0BC1E8D}"
EndProject
Project("{FAE04EC0-301F-11D3-BF4B-00C04F79EFBC}") = "Exercise2", "Exercise2\Exercise2.csproj", "{A4C80F50-4A63-4D22-BDE7-0577738E775C}"
EndProject
Project("{FAE04EC0-301F-11D3-BF4B-00C04F79EFBC}") = "Exercise3", "Exercise3\Exercise3.csproj", "{C95FB323-78BA-4003-A0A6-8ABFE021EF91}"
EndProject
Project("{2150E333-8FDC-42A3-9474-1A3956D46DE8}") = "Chapter03", "Chapter03", "{CE1A0245-3B97-4795-8412-C6CA2499B6CD}"
EndProject
Project("{FAE04EC0-301F-11D3-BF4B-00C04F79EFBC}") = "Section01", "Section01\Section01.csproj", "{66FCE6FF-02C1-4DF8-A739-673E00FDDF9D}"
EndProject
Project("{FAE04EC0-301F-11D3-BF4B-00C04F79EFBC}") = "Section01", "Chapter04\Section01\Section01.csproj", "{2B1AA3FE-2E60-445F-80BB-B0BAAA09676E}"
EndProject
Project("{2150E333-8FDC-42A3-9474-1A3956D46DE8}") = "Chapter04", "Chapter04", "{6D0FB35C-D9D8-4618-BC91-34D73CCA3511}"
EndProject
Project("{FAE04EC0-301F-11D3-BF4B-00C04F79EFBC}") = "Execise1", "Chapter04\Exercise\Execise1\Execise1.csproj", "{F7C5D3AE-DEE2-4D36-81AB-2024FBB607DA}"
EndProject
Project("{2150E333-8FDC-42A3-9474-1A3956D46DE8}") = "Execise", "Execise", "{B50BE4E9-913F-4B79-A94B-60943317D6C3}"
EndProject
Project("{FAE04EC0-301F-11D3-BF4B-00C04F79EFBC}") = "Execise2", "Chapter04\Exercise\Execise2\Execise2.csproj", "{E279AAF2-0B59-449B-B1B2-8502729CCD33}"
EndProject
Project("{FAE04EC0-301F-11D3-BF4B-00C04F79EFBC}") = "Execise1", "Chapter05\Execise1\Execise1.csproj", "{2323F923-A65A-424C-8886-028FFCC42C55}"
EndProject
Project("{2150E333-8FDC-42A3-9474-1A3956D46DE8}") = "Chapter05", "Chapter05", "{8C39ED6F-A291-44DF-A509-C307A460ACF5}"
EndProject
Project("{FAE04EC0-301F-11D3-BF4B-00C04F79EFBC}") = "Test01", "TestProject\Test01\Test01.csproj", "{2BFACDC3-F44D-4199-8498-F5C3C4AC0335}"
EndProject
Project("{FAE04EC0-301F-11D3-BF4B-00C04F79EFBC}") = "Test02", "TestProject\Test02\Test02.csproj", "{E461C0A8-8900-485C-B520-E929BA33F712}"
EndProject
Project("{2150E333-8FDC-42A3-9474-1A3956D46DE8}") = "test", "test", "{D36BB39E-1E2E-4D77-92F6-32EBEECD7C1C}"
EndProject
Project("{FAE04EC0-301F-11D3-BF4B-00C04F79EFBC}") = "Exercise2", "Chapter05\Exercise2\Exercise2.csproj", "{281F0F6C-6BD8-4AA3-AED5-0CD1DAA742B2}"
EndProject
Project("{FAE04EC0-301F-11D3-BF4B-00C04F79EFBC}") = "Execise3", "Chapter05\Execise3\Execise3.csproj", "{83B76403-1031-4268-895A-1FD8BC45FD4C}"
EndProject
Project("{FAE04EC0-301F-11D3-BF4B-00C04F79EFBC}") = "Section01", "Chapter06\Section01\Section01.csproj", "{589C32B6-4C7D-4050-8029-9A1C2EC336B6}"
EndProject
Project("{2150E333-8FDC-42A3-9474-1A3956D46DE8}") = "Chapter06", "Chapter06", "{446F094C-4B01-4A65-933B-05F357456F09}"
EndProject
Global
	GlobalSection(SolutionConfigurationPlatforms) = preSolution
		Debug|Any CPU = Debug|Any CPU
		Release|Any CPU = Release|Any CPU
	EndGlobalSection
	GlobalSection(ProjectConfigurationPlatforms) = postSolution
		{4D60E9EB-EE69-43E4-9C41-E180950B7618}.Debug|Any CPU.ActiveCfg = Debug|Any CPU
		{4D60E9EB-EE69-43E4-9C41-E180950B7618}.Debug|Any CPU.Build.0 = Debug|Any CPU
		{4D60E9EB-EE69-43E4-9C41-E180950B7618}.Release|Any CPU.ActiveCfg = Release|Any CPU
		{4D60E9EB-EE69-43E4-9C41-E180950B7618}.Release|Any CPU.Build.0 = Release|Any CPU
		{2B609927-AB93-4CB9-9A27-9B989D3CF7E7}.Debug|Any CPU.ActiveCfg = Debug|Any CPU
		{2B609927-AB93-4CB9-9A27-9B989D3CF7E7}.Debug|Any CPU.Build.0 = Debug|Any CPU
		{2B609927-AB93-4CB9-9A27-9B989D3CF7E7}.Release|Any CPU.ActiveCfg = Release|Any CPU
		{2B609927-AB93-4CB9-9A27-9B989D3CF7E7}.Release|Any CPU.Build.0 = Release|Any CPU
		{78A4A0B9-E5AA-46B5-B4A1-AFAA590F316C}.Debug|Any CPU.ActiveCfg = Debug|Any CPU
		{78A4A0B9-E5AA-46B5-B4A1-AFAA590F316C}.Debug|Any CPU.Build.0 = Debug|Any CPU
		{78A4A0B9-E5AA-46B5-B4A1-AFAA590F316C}.Release|Any CPU.ActiveCfg = Release|Any CPU
		{78A4A0B9-E5AA-46B5-B4A1-AFAA590F316C}.Release|Any CPU.Build.0 = Release|Any CPU
		{A4C80F50-4A63-4D22-BDE7-0577738E775C}.Debug|Any CPU.ActiveCfg = Debug|Any CPU
		{A4C80F50-4A63-4D22-BDE7-0577738E775C}.Debug|Any CPU.Build.0 = Debug|Any CPU
		{A4C80F50-4A63-4D22-BDE7-0577738E775C}.Release|Any CPU.ActiveCfg = Release|Any CPU
		{A4C80F50-4A63-4D22-BDE7-0577738E775C}.Release|Any CPU.Build.0 = Release|Any CPU
		{C95FB323-78BA-4003-A0A6-8ABFE021EF91}.Debug|Any CPU.ActiveCfg = Debug|Any CPU
		{C95FB323-78BA-4003-A0A6-8ABFE021EF91}.Debug|Any CPU.Build.0 = Debug|Any CPU
		{C95FB323-78BA-4003-A0A6-8ABFE021EF91}.Release|Any CPU.ActiveCfg = Release|Any CPU
		{C95FB323-78BA-4003-A0A6-8ABFE021EF91}.Release|Any CPU.Build.0 = Release|Any CPU
		{66FCE6FF-02C1-4DF8-A739-673E00FDDF9D}.Debug|Any CPU.ActiveCfg = Debug|Any CPU
		{66FCE6FF-02C1-4DF8-A739-673E00FDDF9D}.Debug|Any CPU.Build.0 = Debug|Any CPU
		{66FCE6FF-02C1-4DF8-A739-673E00FDDF9D}.Release|Any CPU.ActiveCfg = Release|Any CPU
		{66FCE6FF-02C1-4DF8-A739-673E00FDDF9D}.Release|Any CPU.Build.0 = Release|Any CPU
		{2B1AA3FE-2E60-445F-80BB-B0BAAA09676E}.Debug|Any CPU.ActiveCfg = Debug|Any CPU
		{2B1AA3FE-2E60-445F-80BB-B0BAAA09676E}.Debug|Any CPU.Build.0 = Debug|Any CPU
		{2B1AA3FE-2E60-445F-80BB-B0BAAA09676E}.Release|Any CPU.ActiveCfg = Release|Any CPU
		{2B1AA3FE-2E60-445F-80BB-B0BAAA09676E}.Release|Any CPU.Build.0 = Release|Any CPU
		{F7C5D3AE-DEE2-4D36-81AB-2024FBB607DA}.Debug|Any CPU.ActiveCfg = Debug|Any CPU
		{F7C5D3AE-DEE2-4D36-81AB-2024FBB607DA}.Debug|Any CPU.Build.0 = Debug|Any CPU
		{F7C5D3AE-DEE2-4D36-81AB-2024FBB607DA}.Release|Any CPU.ActiveCfg = Release|Any CPU
		{F7C5D3AE-DEE2-4D36-81AB-2024FBB607DA}.Release|Any CPU.Build.0 = Release|Any CPU
		{E279AAF2-0B59-449B-B1B2-8502729CCD33}.Debug|Any CPU.ActiveCfg = Debug|Any CPU
		{E279AAF2-0B59-449B-B1B2-8502729CCD33}.Debug|Any CPU.Build.0 = Debug|Any CPU
		{E279AAF2-0B59-449B-B1B2-8502729CCD33}.Release|Any CPU.ActiveCfg = Release|Any CPU
		{E279AAF2-0B59-449B-B1B2-8502729CCD33}.Release|Any CPU.Build.0 = Release|Any CPU
		{2323F923-A65A-424C-8886-028FFCC42C55}.Debug|Any CPU.ActiveCfg = Debug|Any CPU
		{2323F923-A65A-424C-8886-028FFCC42C55}.Debug|Any CPU.Build.0 = Debug|Any CPU
		{2323F923-A65A-424C-8886-028FFCC42C55}.Release|Any CPU.ActiveCfg = Release|Any CPU
		{2323F923-A65A-424C-8886-028FFCC42C55}.Release|Any CPU.Build.0 = Release|Any CPU
		{2BFACDC3-F44D-4199-8498-F5C3C4AC0335}.Debug|Any CPU.ActiveCfg = Debug|Any CPU
		{2BFACDC3-F44D-4199-8498-F5C3C4AC0335}.Debug|Any CPU.Build.0 = Debug|Any CPU
		{2BFACDC3-F44D-4199-8498-F5C3C4AC0335}.Release|Any CPU.ActiveCfg = Release|Any CPU
		{2BFACDC3-F44D-4199-8498-F5C3C4AC0335}.Release|Any CPU.Build.0 = Release|Any CPU
		{E461C0A8-8900-485C-B520-E929BA33F712}.Debug|Any CPU.ActiveCfg = Debug|Any CPU
		{E461C0A8-8900-485C-B520-E929BA33F712}.Debug|Any CPU.Build.0 = Debug|Any CPU
		{E461C0A8-8900-485C-B520-E929BA33F712}.Release|Any CPU.ActiveCfg = Release|Any CPU
		{E461C0A8-8900-485C-B520-E929BA33F712}.Release|Any CPU.Build.0 = Release|Any CPU
		{281F0F6C-6BD8-4AA3-AED5-0CD1DAA742B2}.Debug|Any CPU.ActiveCfg = Debug|Any CPU
		{281F0F6C-6BD8-4AA3-AED5-0CD1DAA742B2}.Debug|Any CPU.Build.0 = Debug|Any CPU
		{281F0F6C-6BD8-4AA3-AED5-0CD1DAA742B2}.Release|Any CPU.ActiveCfg = Release|Any CPU
		{281F0F6C-6BD8-4AA3-AED5-0CD1DAA742B2}.Release|Any CPU.Build.0 = Release|Any CPU
		{83B76403-1031-4268-895A-1FD8BC45FD4C}.Debug|Any CPU.ActiveCfg = Debug|Any CPU
		{83B76403-1031-4268-895A-1FD8BC45FD4C}.Debug|Any CPU.Build.0 = Debug|Any CPU
		{83B76403-1031-4268-895A-1FD8BC45FD4C}.Release|Any CPU.ActiveCfg = Release|Any CPU
		{83B76403-1031-4268-895A-1FD8BC45FD4C}.Release|Any CPU.Build.0 = Release|Any CPU
		{589C32B6-4C7D-4050-8029-9A1C2EC336B6}.Debug|Any CPU.ActiveCfg = Debug|Any CPU
		{589C32B6-4C7D-4050-8029-9A1C2EC336B6}.Debug|Any CPU.Build.0 = Debug|Any CPU
		{589C32B6-4C7D-4050-8029-9A1C2EC336B6}.Release|Any CPU.ActiveCfg = Release|Any CPU
		{589C32B6-4C7D-4050-8029-9A1C2EC336B6}.Release|Any CPU.Build.0 = Release|Any CPU
	EndGlobalSection
	GlobalSection(SolutionProperties) = preSolution
		HideSolutionNode = FALSE
	EndGlobalSection
	GlobalSection(NestedProjects) = preSolution
		{4D60E9EB-EE69-43E4-9C41-E180950B7618} = {FFF4AE6A-A160-4057-BE57-0C20DA517E3A}
		{2B609927-AB93-4CB9-9A27-9B989D3CF7E7} = {FFF4AE6A-A160-4057-BE57-0C20DA517E3A}
		{78A4A0B9-E5AA-46B5-B4A1-AFAA590F316C} = {1CAA5502-A835-42DF-8D34-2456C0BC1E8D}
		{1CAA5502-A835-42DF-8D34-2456C0BC1E8D} = {FFF4AE6A-A160-4057-BE57-0C20DA517E3A}
		{A4C80F50-4A63-4D22-BDE7-0577738E775C} = {1CAA5502-A835-42DF-8D34-2456C0BC1E8D}
		{C95FB323-78BA-4003-A0A6-8ABFE021EF91} = {1CAA5502-A835-42DF-8D34-2456C0BC1E8D}
		{66FCE6FF-02C1-4DF8-A739-673E00FDDF9D} = {CE1A0245-3B97-4795-8412-C6CA2499B6CD}
		{2B1AA3FE-2E60-445F-80BB-B0BAAA09676E} = {6D0FB35C-D9D8-4618-BC91-34D73CCA3511}
		{F7C5D3AE-DEE2-4D36-81AB-2024FBB607DA} = {B50BE4E9-913F-4B79-A94B-60943317D6C3}
		{B50BE4E9-913F-4B79-A94B-60943317D6C3} = {6D0FB35C-D9D8-4618-BC91-34D73CCA3511}
		{E279AAF2-0B59-449B-B1B2-8502729CCD33} = {B50BE4E9-913F-4B79-A94B-60943317D6C3}
		{2323F923-A65A-424C-8886-028FFCC42C55} = {8C39ED6F-A291-44DF-A509-C307A460ACF5}
		{2BFACDC3-F44D-4199-8498-F5C3C4AC0335} = {D36BB39E-1E2E-4D77-92F6-32EBEECD7C1C}
		{E461C0A8-8900-485C-B520-E929BA33F712} = {D36BB39E-1E2E-4D77-92F6-32EBEECD7C1C}
		{D36BB39E-1E2E-4D77-92F6-32EBEECD7C1C} = {8C39ED6F-A291-44DF-A509-C307A460ACF5}
		{281F0F6C-6BD8-4AA3-AED5-0CD1DAA742B2} = {8C39ED6F-A291-44DF-A509-C307A460ACF5}
		{83B76403-1031-4268-895A-1FD8BC45FD4C} = {8C39ED6F-A291-44DF-A509-C307A460ACF5}
		{589C32B6-4C7D-4050-8029-9A1C2EC336B6} = {446F094C-4B01-4A65-933B-05F357456F09}
	EndGlobalSection
	GlobalSection(ExtensibilityGlobals) = postSolution
		SolutionGuid = {B107EBBB-16D0-42ED-BBE7-9FF0BAA5ECEC}
	EndGlobalSection
EndGlobal
